
Microsoft Visual Studio Solution File, Format Version 12.00
# Visual Studio Version 16
VisualStudioVersion = 16.0.31205.134
MinimumVisualStudioVersion = 10.0.40219.1
Project("{8BC9CEB8-8B4A-11D0-8D11-00A0C91BC942}") = "Design Patterns", "Design Patterns.vcxproj", "{E516BC61-578F-46D0-B006-E782988C857B}"
EndProject
Project("{8BC9CEB8-8B4A-11D0-8D11-00A0C91BC942}") = "Strategy", "..\Strategy\Strategy.vcxproj", "{8B37CE23-1222-4E58-A05E-C949A620FA6B}"
EndProject
Project("{8BC9CEB8-8B4A-11D0-8D11-00A0C91BC942}") = "Observer", "..\Observer\Observer.vcxproj", "{D4CE4097-F20C-4228-B3D4-27D6F8C224F7}"
EndProject
Project("{8BC9CEB8-8B4A-11D0-8D11-00A0C91BC942}") = "Factory", "..\Factory\Factory.vcxproj", "{549AB0A0-4903-4B7F-9EEA-1DEF88740E48}"
EndProject
Project("{8BC9CEB8-8B4A-11D0-8D11-00A0C91BC942}") = "Singleton", "..\Singleton\Singleton.vcxproj", "{8AFFE955-A8BC-4B6E-82F0-DB209F9724CF}"
EndProject
Project("{8BC9CEB8-8B4A-11D0-8D11-00A0C91BC942}") = "Builder", "..\Builder\Builder.vcxproj", "{78F591A0-9873-4DE8-85AC-FB03623D2B8B}"
EndProject
Project("{8BC9CEB8-8B4A-11D0-8D11-00A0C91BC942}") = "Prototype", "..\Prototype\Prototype.vcxproj", "{37D2724E-2700-4B4A-80CD-0AAD39A749D5}"
EndProject
Project("{8BC9CEB8-8B4A-11D0-8D11-00A0C91BC942}") = "Decorator", "..\Decorator\Decorator.vcxproj", "{305B61E5-4E9B-474B-AFE1-41AF5C320EF2}"
EndProject
Project("{8BC9CEB8-8B4A-11D0-8D11-00A0C91BC942}") = "Command", "..\Command\Command.vcxproj", "{CB28C5AD-317D-4904-A803-54B2B5D1B5EB}"
EndProject
Project("{8BC9CEB8-8B4A-11D0-8D11-00A0C91BC942}") = "Adapter", "..\Adapter\Adapter.vcxproj", "{FE2A04D0-BED9-48CD-B0D6-9D1B4E2DC91C}"
EndProject
Project("{8BC9CEB8-8B4A-11D0-8D11-00A0C91BC942}") = "Facade", "..\Facade\Facade.vcxproj", "{32E8CC33-4CEB-4595-A7D7-60B3416FC97A}"
EndProject
Project("{8BC9CEB8-8B4A-11D0-8D11-00A0C91BC942}") = "Bridge", "..\Bridge\Bridge.vcxproj", "{0609ABF7-A450-40C9-8A80-4F0DDB1FCD5E}"
EndProject
Project("{8BC9CEB8-8B4A-11D0-8D11-00A0C91BC942}") = "Template Method", "..\Template Method\Template Method.vcxproj", "{6A79C3F6-A8BF-4E6E-A9D0-92A7AB8B0F3D}"
EndProject
Project("{8BC9CEB8-8B4A-11D0-8D11-00A0C91BC942}") = "Iterator", "..\Iterator\Iterator.vcxproj", "{34C5B46B-F33B-4ECD-AD48-F0B5523E96A5}"
EndProject
Project("{8BC9CEB8-8B4A-11D0-8D11-00A0C91BC942}") = "Composite", "..\Composite\Composite.vcxproj", "{590444A7-3B74-4A1C-807B-950A300C8703}"
EndProject
Project("{8BC9CEB8-8B4A-11D0-8D11-00A0C91BC942}") = "Flyweight", "..\Flyweight\Flyweight.vcxproj", "{5775C0DC-6665-47E6-95D6-C25D557C1335}"
EndProject
Project("{8BC9CEB8-8B4A-11D0-8D11-00A0C91BC942}") = "State", "..\State\State.vcxproj", "{A3049EAD-06F9-4103-AED7-0B10D77E92C9}"
EndProject
Project("{8BC9CEB8-8B4A-11D0-8D11-00A0C91BC942}") = "Proxy", "..\Proxy\Proxy.vcxproj", "{829D545A-E06B-4CAE-AD49-CB607C92D162}"
EndProject
Project("{8BC9CEB8-8B4A-11D0-8D11-00A0C91BC942}") = "Chain of Responsibility", "..\Chain of Responsibility\Chain of Responsibility.vcxproj", "{8D2CA9FE-9AB9-4925-A81D-0C16EEE6A45A}"
EndProject
Project("{8BC9CEB8-8B4A-11D0-8D11-00A0C91BC942}") = "Interpreter", "..\Interpreter\Interpreter.vcxproj", "{FFB1A5F8-C7CD-431F-B479-B38C6D762F18}"
EndProject
Project("{8BC9CEB8-8B4A-11D0-8D11-00A0C91BC942}") = "Factory Abstract", "..\Factory Abstract\Factory Abstract.vcxproj", "{41D26BBA-0510-4F36-B72B-DC0A486CC923}"
EndProject
Project("{8BC9CEB8-8B4A-11D0-8D11-00A0C91BC942}") = "Mediator", "..\Mediator\Mediator.vcxproj", "{4AED2E28-9F00-4179-8038-4BC8EE2E025F}"
EndProject
Project("{8BC9CEB8-8B4A-11D0-8D11-00A0C91BC942}") = "Memento", "..\Memento\Memento.vcxproj", "{6CEB28D3-D11D-4FF8-822E-09160F5AF817}"
EndProject
Project("{8BC9CEB8-8B4A-11D0-8D11-00A0C91BC942}") = "Visitor", "..\Visitor\Visitor.vcxproj", "{8A00F7A2-A8F3-4E9A-8B46-CFC81F6F2114}"
EndProject
Project("{8BC9CEB8-8B4A-11D0-8D11-00A0C91BC942}") = "Object Pool", "..\Object Pool\Object Pool.vcxproj", "{FD534943-4E80-4C2D-91CD-38A961310031}"
EndProject
Project("{8BC9CEB8-8B4A-11D0-8D11-00A0C91BC942}") = "Private Class Data", "..\Private Class Data\Private Class Data.vcxproj", "{4122A2A7-65D0-44C8-B736-8B73C42BFF92}"
EndProject
Project("{8BC9CEB8-8B4A-11D0-8D11-00A0C91BC942}") = "Null Object", "..\Null Object\Null Object.vcxproj", "{3770CF33-7CB8-4CC7-B673-BA59365F173F}"
EndProject
Project("{8BC9CEB8-8B4A-11D0-8D11-00A0C91BC942}") = "Bytecode", "..\Bytecode\Bytecode.vcxproj", "{DCD47CBA-3E8D-418B-B138-FE00E9571133}"
EndProject
Project("{8BC9CEB8-8B4A-11D0-8D11-00A0C91BC942}") = "Subclass Sandbox", "..\Subclass Sandbox\Subclass Sandbox.vcxproj", "{E5B9A2DB-0AF3-49D6-8F37-9FB81E410CBC}"
EndProject
Project("{8BC9CEB8-8B4A-11D0-8D11-00A0C91BC942}") = "Type Object", "..\Type Object\Type Object.vcxproj", "{66081DD7-1A6D-4D78-9A33-2EFA24BD0A94}"
EndProject
Project("{8BC9CEB8-8B4A-11D0-8D11-00A0C91BC942}") = "Double Buffer", "..\Double Buffer\Double Buffer.vcxproj", "{09C1C29A-5768-4C6C-902F-98CA532217F4}"
EndProject
Project("{8BC9CEB8-8B4A-11D0-8D11-00A0C91BC942}") = "Game Loop", "..\Game Loop\Game Loop.vcxproj", "{5E97405D-C1B8-4055-B87F-0858C26186AE}"
EndProject
Project("{8BC9CEB8-8B4A-11D0-8D11-00A0C91BC942}") = "Update Method", "..\Update Method\Update Method.vcxproj", "{74CA04CA-3015-497B-8631-5CFB6DAEBD64}"
EndProject
Project("{8BC9CEB8-8B4A-11D0-8D11-00A0C91BC942}") = "Component", "..\Component\Component.vcxproj", "{D0EF16C5-2670-41EA-8CB5-7BF5458552FF}"
EndProject
Project("{8BC9CEB8-8B4A-11D0-8D11-00A0C91BC942}") = "Event Queue", "..\Event Queue\Event Queue.vcxproj", "{124A8128-4905-455E-9803-B9C760FB6B11}"
EndProject
Project("{8BC9CEB8-8B4A-11D0-8D11-00A0C91BC942}") = "Service Locator", "..\Service Locator\Service Locator.vcxproj", "{F2C80929-61C9-49FB-9974-AD15A893F54C}"
EndProject
Project("{8BC9CEB8-8B4A-11D0-8D11-00A0C91BC942}") = "Model View Controller", "..\Model View Controller\Model View Controller.vcxproj", "{AB7217CF-6EEB-4EC4-8A26-F510432515F7}"
EndProject
Global
	GlobalSection(SolutionConfigurationPlatforms) = preSolution
		Debug|x64 = Debug|x64
		Debug|x86 = Debug|x86
		Release|x64 = Release|x64
		Release|x86 = Release|x86
	EndGlobalSection
	GlobalSection(ProjectConfigurationPlatforms) = postSolution
		{E516BC61-578F-46D0-B006-E782988C857B}.Debug|x64.ActiveCfg = Debug|x64
		{E516BC61-578F-46D0-B006-E782988C857B}.Debug|x64.Build.0 = Debug|x64
		{E516BC61-578F-46D0-B006-E782988C857B}.Debug|x86.ActiveCfg = Debug|Win32
		{E516BC61-578F-46D0-B006-E782988C857B}.Debug|x86.Build.0 = Debug|Win32
		{E516BC61-578F-46D0-B006-E782988C857B}.Release|x64.ActiveCfg = Release|x64
		{E516BC61-578F-46D0-B006-E782988C857B}.Release|x64.Build.0 = Release|x64
		{E516BC61-578F-46D0-B006-E782988C857B}.Release|x86.ActiveCfg = Release|Win32
		{E516BC61-578F-46D0-B006-E782988C857B}.Release|x86.Build.0 = Release|Win32
		{8B37CE23-1222-4E58-A05E-C949A620FA6B}.Debug|x64.ActiveCfg = Debug|x64
		{8B37CE23-1222-4E58-A05E-C949A620FA6B}.Debug|x64.Build.0 = Debug|x64
		{8B37CE23-1222-4E58-A05E-C949A620FA6B}.Debug|x86.ActiveCfg = Debug|Win32
		{8B37CE23-1222-4E58-A05E-C949A620FA6B}.Debug|x86.Build.0 = Debug|Win32
		{8B37CE23-1222-4E58-A05E-C949A620FA6B}.Release|x64.ActiveCfg = Release|x64
		{8B37CE23-1222-4E58-A05E-C949A620FA6B}.Release|x64.Build.0 = Release|x64
		{8B37CE23-1222-4E58-A05E-C949A620FA6B}.Release|x86.ActiveCfg = Release|Win32
		{8B37CE23-1222-4E58-A05E-C949A620FA6B}.Release|x86.Build.0 = Release|Win32
		{D4CE4097-F20C-4228-B3D4-27D6F8C224F7}.Debug|x64.ActiveCfg = Debug|x64
		{D4CE4097-F20C-4228-B3D4-27D6F8C224F7}.Debug|x64.Build.0 = Debug|x64
		{D4CE4097-F20C-4228-B3D4-27D6F8C224F7}.Debug|x86.ActiveCfg = Debug|Win32
		{D4CE4097-F20C-4228-B3D4-27D6F8C224F7}.Debug|x86.Build.0 = Debug|Win32
		{D4CE4097-F20C-4228-B3D4-27D6F8C224F7}.Release|x64.ActiveCfg = Release|x64
		{D4CE4097-F20C-4228-B3D4-27D6F8C224F7}.Release|x64.Build.0 = Release|x64
		{D4CE4097-F20C-4228-B3D4-27D6F8C224F7}.Release|x86.ActiveCfg = Release|Win32
		{D4CE4097-F20C-4228-B3D4-27D6F8C224F7}.Release|x86.Build.0 = Release|Win32
		{549AB0A0-4903-4B7F-9EEA-1DEF88740E48}.Debug|x64.ActiveCfg = Debug|x64
		{549AB0A0-4903-4B7F-9EEA-1DEF88740E48}.Debug|x64.Build.0 = Debug|x64
		{549AB0A0-4903-4B7F-9EEA-1DEF88740E48}.Debug|x86.ActiveCfg = Debug|Win32
		{549AB0A0-4903-4B7F-9EEA-1DEF88740E48}.Debug|x86.Build.0 = Debug|Win32
		{549AB0A0-4903-4B7F-9EEA-1DEF88740E48}.Release|x64.ActiveCfg = Release|x64
		{549AB0A0-4903-4B7F-9EEA-1DEF88740E48}.Release|x64.Build.0 = Release|x64
		{549AB0A0-4903-4B7F-9EEA-1DEF88740E48}.Release|x86.ActiveCfg = Release|Win32
		{549AB0A0-4903-4B7F-9EEA-1DEF88740E48}.Release|x86.Build.0 = Release|Win32
		{8AFFE955-A8BC-4B6E-82F0-DB209F9724CF}.Debug|x64.ActiveCfg = Debug|x64
		{8AFFE955-A8BC-4B6E-82F0-DB209F9724CF}.Debug|x64.Build.0 = Debug|x64
		{8AFFE955-A8BC-4B6E-82F0-DB209F9724CF}.Debug|x86.ActiveCfg = Debug|Win32
		{8AFFE955-A8BC-4B6E-82F0-DB209F9724CF}.Debug|x86.Build.0 = Debug|Win32
		{8AFFE955-A8BC-4B6E-82F0-DB209F9724CF}.Release|x64.ActiveCfg = Release|x64
		{8AFFE955-A8BC-4B6E-82F0-DB209F9724CF}.Release|x64.Build.0 = Release|x64
		{8AFFE955-A8BC-4B6E-82F0-DB209F9724CF}.Release|x86.ActiveCfg = Release|Win32
		{8AFFE955-A8BC-4B6E-82F0-DB209F9724CF}.Release|x86.Build.0 = Release|Win32
		{78F591A0-9873-4DE8-85AC-FB03623D2B8B}.Debug|x64.ActiveCfg = Debug|x64
		{78F591A0-9873-4DE8-85AC-FB03623D2B8B}.Debug|x64.Build.0 = Debug|x64
		{78F591A0-9873-4DE8-85AC-FB03623D2B8B}.Debug|x86.ActiveCfg = Debug|Win32
		{78F591A0-9873-4DE8-85AC-FB03623D2B8B}.Debug|x86.Build.0 = Debug|Win32
		{78F591A0-9873-4DE8-85AC-FB03623D2B8B}.Release|x64.ActiveCfg = Release|x64
		{78F591A0-9873-4DE8-85AC-FB03623D2B8B}.Release|x64.Build.0 = Release|x64
		{78F591A0-9873-4DE8-85AC-FB03623D2B8B}.Release|x86.ActiveCfg = Release|Win32
		{78F591A0-9873-4DE8-85AC-FB03623D2B8B}.Release|x86.Build.0 = Release|Win32
		{37D2724E-2700-4B4A-80CD-0AAD39A749D5}.Debug|x64.ActiveCfg = Debug|x64
		{37D2724E-2700-4B4A-80CD-0AAD39A749D5}.Debug|x64.Build.0 = Debug|x64
		{37D2724E-2700-4B4A-80CD-0AAD39A749D5}.Debug|x86.ActiveCfg = Debug|Win32
		{37D2724E-2700-4B4A-80CD-0AAD39A749D5}.Debug|x86.Build.0 = Debug|Win32
		{37D2724E-2700-4B4A-80CD-0AAD39A749D5}.Release|x64.ActiveCfg = Release|x64
		{37D2724E-2700-4B4A-80CD-0AAD39A749D5}.Release|x64.Build.0 = Release|x64
		{37D2724E-2700-4B4A-80CD-0AAD39A749D5}.Release|x86.ActiveCfg = Release|Win32
		{37D2724E-2700-4B4A-80CD-0AAD39A749D5}.Release|x86.Build.0 = Release|Win32
		{305B61E5-4E9B-474B-AFE1-41AF5C320EF2}.Debug|x64.ActiveCfg = Debug|x64
		{305B61E5-4E9B-474B-AFE1-41AF5C320EF2}.Debug|x64.Build.0 = Debug|x64
		{305B61E5-4E9B-474B-AFE1-41AF5C320EF2}.Debug|x86.ActiveCfg = Debug|Win32
		{305B61E5-4E9B-474B-AFE1-41AF5C320EF2}.Debug|x86.Build.0 = Debug|Win32
		{305B61E5-4E9B-474B-AFE1-41AF5C320EF2}.Release|x64.ActiveCfg = Release|x64
		{305B61E5-4E9B-474B-AFE1-41AF5C320EF2}.Release|x64.Build.0 = Release|x64
		{305B61E5-4E9B-474B-AFE1-41AF5C320EF2}.Release|x86.ActiveCfg = Release|Win32
		{305B61E5-4E9B-474B-AFE1-41AF5C320EF2}.Release|x86.Build.0 = Release|Win32
		{CB28C5AD-317D-4904-A803-54B2B5D1B5EB}.Debug|x64.ActiveCfg = Debug|x64
		{CB28C5AD-317D-4904-A803-54B2B5D1B5EB}.Debug|x64.Build.0 = Debug|x64
		{CB28C5AD-317D-4904-A803-54B2B5D1B5EB}.Debug|x86.ActiveCfg = Debug|Win32
		{CB28C5AD-317D-4904-A803-54B2B5D1B5EB}.Debug|x86.Build.0 = Debug|Win32
		{CB28C5AD-317D-4904-A803-54B2B5D1B5EB}.Release|x64.ActiveCfg = Release|x64
		{CB28C5AD-317D-4904-A803-54B2B5D1B5EB}.Release|x64.Build.0 = Release|x64
		{CB28C5AD-317D-4904-A803-54B2B5D1B5EB}.Release|x86.ActiveCfg = Release|Win32
		{CB28C5AD-317D-4904-A803-54B2B5D1B5EB}.Release|x86.Build.0 = Release|Win32
		{FE2A04D0-BED9-48CD-B0D6-9D1B4E2DC91C}.Debug|x64.ActiveCfg = Debug|x64
		{FE2A04D0-BED9-48CD-B0D6-9D1B4E2DC91C}.Debug|x64.Build.0 = Debug|x64
		{FE2A04D0-BED9-48CD-B0D6-9D1B4E2DC91C}.Debug|x86.ActiveCfg = Debug|Win32
		{FE2A04D0-BED9-48CD-B0D6-9D1B4E2DC91C}.Debug|x86.Build.0 = Debug|Win32
		{FE2A04D0-BED9-48CD-B0D6-9D1B4E2DC91C}.Release|x64.ActiveCfg = Release|x64
		{FE2A04D0-BED9-48CD-B0D6-9D1B4E2DC91C}.Release|x64.Build.0 = Release|x64
		{FE2A04D0-BED9-48CD-B0D6-9D1B4E2DC91C}.Release|x86.ActiveCfg = Release|Win32
		{FE2A04D0-BED9-48CD-B0D6-9D1B4E2DC91C}.Release|x86.Build.0 = Release|Win32
		{32E8CC33-4CEB-4595-A7D7-60B3416FC97A}.Debug|x64.ActiveCfg = Debug|x64
		{32E8CC33-4CEB-4595-A7D7-60B3416FC97A}.Debug|x64.Build.0 = Debug|x64
		{32E8CC33-4CEB-4595-A7D7-60B3416FC97A}.Debug|x86.ActiveCfg = Debug|Win32
		{32E8CC33-4CEB-4595-A7D7-60B3416FC97A}.Debug|x86.Build.0 = Debug|Win32
		{32E8CC33-4CEB-4595-A7D7-60B3416FC97A}.Release|x64.ActiveCfg = Release|x64
		{32E8CC33-4CEB-4595-A7D7-60B3416FC97A}.Release|x64.Build.0 = Release|x64
		{32E8CC33-4CEB-4595-A7D7-60B3416FC97A}.Release|x86.ActiveCfg = Release|Win32
		{32E8CC33-4CEB-4595-A7D7-60B3416FC97A}.Release|x86.Build.0 = Release|Win32
		{0609ABF7-A450-40C9-8A80-4F0DDB1FCD5E}.Debug|x64.ActiveCfg = Debug|x64
		{0609ABF7-A450-40C9-8A80-4F0DDB1FCD5E}.Debug|x64.Build.0 = Debug|x64
		{0609ABF7-A450-40C9-8A80-4F0DDB1FCD5E}.Debug|x86.ActiveCfg = Debug|Win32
		{0609ABF7-A450-40C9-8A80-4F0DDB1FCD5E}.Debug|x86.Build.0 = Debug|Win32
		{0609ABF7-A450-40C9-8A80-4F0DDB1FCD5E}.Release|x64.ActiveCfg = Release|x64
		{0609ABF7-A450-40C9-8A80-4F0DDB1FCD5E}.Release|x64.Build.0 = Release|x64
		{0609ABF7-A450-40C9-8A80-4F0DDB1FCD5E}.Release|x86.ActiveCfg = Release|Win32
		{0609ABF7-A450-40C9-8A80-4F0DDB1FCD5E}.Release|x86.Build.0 = Release|Win32
		{6A79C3F6-A8BF-4E6E-A9D0-92A7AB8B0F3D}.Debug|x64.ActiveCfg = Debug|x64
		{6A79C3F6-A8BF-4E6E-A9D0-92A7AB8B0F3D}.Debug|x64.Build.0 = Debug|x64
		{6A79C3F6-A8BF-4E6E-A9D0-92A7AB8B0F3D}.Debug|x86.ActiveCfg = Debug|Win32
		{6A79C3F6-A8BF-4E6E-A9D0-92A7AB8B0F3D}.Debug|x86.Build.0 = Debug|Win32
		{6A79C3F6-A8BF-4E6E-A9D0-92A7AB8B0F3D}.Release|x64.ActiveCfg = Release|x64
		{6A79C3F6-A8BF-4E6E-A9D0-92A7AB8B0F3D}.Release|x64.Build.0 = Release|x64
		{6A79C3F6-A8BF-4E6E-A9D0-92A7AB8B0F3D}.Release|x86.ActiveCfg = Release|Win32
		{6A79C3F6-A8BF-4E6E-A9D0-92A7AB8B0F3D}.Release|x86.Build.0 = Release|Win32
		{34C5B46B-F33B-4ECD-AD48-F0B5523E96A5}.Debug|x64.ActiveCfg = Debug|x64
		{34C5B46B-F33B-4ECD-AD48-F0B5523E96A5}.Debug|x64.Build.0 = Debug|x64
		{34C5B46B-F33B-4ECD-AD48-F0B5523E96A5}.Debug|x86.ActiveCfg = Debug|Win32
		{34C5B46B-F33B-4ECD-AD48-F0B5523E96A5}.Debug|x86.Build.0 = Debug|Win32
		{34C5B46B-F33B-4ECD-AD48-F0B5523E96A5}.Release|x64.ActiveCfg = Release|x64
		{34C5B46B-F33B-4ECD-AD48-F0B5523E96A5}.Release|x64.Build.0 = Release|x64
		{34C5B46B-F33B-4ECD-AD48-F0B5523E96A5}.Release|x86.ActiveCfg = Release|Win32
		{34C5B46B-F33B-4ECD-AD48-F0B5523E96A5}.Release|x86.Build.0 = Release|Win32
		{590444A7-3B74-4A1C-807B-950A300C8703}.Debug|x64.ActiveCfg = Debug|x64
		{590444A7-3B74-4A1C-807B-950A300C8703}.Debug|x64.Build.0 = Debug|x64
		{590444A7-3B74-4A1C-807B-950A300C8703}.Debug|x86.ActiveCfg = Debug|Win32
		{590444A7-3B74-4A1C-807B-950A300C8703}.Debug|x86.Build.0 = Debug|Win32
		{590444A7-3B74-4A1C-807B-950A300C8703}.Release|x64.ActiveCfg = Release|x64
		{590444A7-3B74-4A1C-807B-950A300C8703}.Release|x64.Build.0 = Release|x64
		{590444A7-3B74-4A1C-807B-950A300C8703}.Release|x86.ActiveCfg = Release|Win32
		{590444A7-3B74-4A1C-807B-950A300C8703}.Release|x86.Build.0 = Release|Win32
		{5775C0DC-6665-47E6-95D6-C25D557C1335}.Debug|x64.ActiveCfg = Debug|x64
		{5775C0DC-6665-47E6-95D6-C25D557C1335}.Debug|x64.Build.0 = Debug|x64
		{5775C0DC-6665-47E6-95D6-C25D557C1335}.Debug|x86.ActiveCfg = Debug|Win32
		{5775C0DC-6665-47E6-95D6-C25D557C1335}.Debug|x86.Build.0 = Debug|Win32
		{5775C0DC-6665-47E6-95D6-C25D557C1335}.Release|x64.ActiveCfg = Release|x64
		{5775C0DC-6665-47E6-95D6-C25D557C1335}.Release|x64.Build.0 = Release|x64
		{5775C0DC-6665-47E6-95D6-C25D557C1335}.Release|x86.ActiveCfg = Release|Win32
		{5775C0DC-6665-47E6-95D6-C25D557C1335}.Release|x86.Build.0 = Release|Win32
		{A3049EAD-06F9-4103-AED7-0B10D77E92C9}.Debug|x64.ActiveCfg = Debug|x64
		{A3049EAD-06F9-4103-AED7-0B10D77E92C9}.Debug|x64.Build.0 = Debug|x64
		{A3049EAD-06F9-4103-AED7-0B10D77E92C9}.Debug|x86.ActiveCfg = Debug|Win32
		{A3049EAD-06F9-4103-AED7-0B10D77E92C9}.Debug|x86.Build.0 = Debug|Win32
		{A3049EAD-06F9-4103-AED7-0B10D77E92C9}.Release|x64.ActiveCfg = Release|x64
		{A3049EAD-06F9-4103-AED7-0B10D77E92C9}.Release|x64.Build.0 = Release|x64
		{A3049EAD-06F9-4103-AED7-0B10D77E92C9}.Release|x86.ActiveCfg = Release|Win32
		{A3049EAD-06F9-4103-AED7-0B10D77E92C9}.Release|x86.Build.0 = Release|Win32
		{829D545A-E06B-4CAE-AD49-CB607C92D162}.Debug|x64.ActiveCfg = Debug|x64
		{829D545A-E06B-4CAE-AD49-CB607C92D162}.Debug|x64.Build.0 = Debug|x64
		{829D545A-E06B-4CAE-AD49-CB607C92D162}.Debug|x86.ActiveCfg = Debug|Win32
		{829D545A-E06B-4CAE-AD49-CB607C92D162}.Debug|x86.Build.0 = Debug|Win32
		{829D545A-E06B-4CAE-AD49-CB607C92D162}.Release|x64.ActiveCfg = Release|x64
		{829D545A-E06B-4CAE-AD49-CB607C92D162}.Release|x64.Build.0 = Release|x64
		{829D545A-E06B-4CAE-AD49-CB607C92D162}.Release|x86.ActiveCfg = Release|Win32
		{829D545A-E06B-4CAE-AD49-CB607C92D162}.Release|x86.Build.0 = Release|Win32
		{8D2CA9FE-9AB9-4925-A81D-0C16EEE6A45A}.Debug|x64.ActiveCfg = Debug|x64
		{8D2CA9FE-9AB9-4925-A81D-0C16EEE6A45A}.Debug|x64.Build.0 = Debug|x64
		{8D2CA9FE-9AB9-4925-A81D-0C16EEE6A45A}.Debug|x86.ActiveCfg = Debug|Win32
		{8D2CA9FE-9AB9-4925-A81D-0C16EEE6A45A}.Debug|x86.Build.0 = Debug|Win32
		{8D2CA9FE-9AB9-4925-A81D-0C16EEE6A45A}.Release|x64.ActiveCfg = Release|x64
		{8D2CA9FE-9AB9-4925-A81D-0C16EEE6A45A}.Release|x64.Build.0 = Release|x64
		{8D2CA9FE-9AB9-4925-A81D-0C16EEE6A45A}.Release|x86.ActiveCfg = Release|Win32
		{8D2CA9FE-9AB9-4925-A81D-0C16EEE6A45A}.Release|x86.Build.0 = Release|Win32
		{FFB1A5F8-C7CD-431F-B479-B38C6D762F18}.Debug|x64.ActiveCfg = Debug|x64
		{FFB1A5F8-C7CD-431F-B479-B38C6D762F18}.Debug|x64.Build.0 = Debug|x64
		{FFB1A5F8-C7CD-431F-B479-B38C6D762F18}.Debug|x86.ActiveCfg = Debug|Win32
		{FFB1A5F8-C7CD-431F-B479-B38C6D762F18}.Debug|x86.Build.0 = Debug|Win32
		{FFB1A5F8-C7CD-431F-B479-B38C6D762F18}.Release|x64.ActiveCfg = Release|x64
		{FFB1A5F8-C7CD-431F-B479-B38C6D762F18}.Release|x64.Build.0 = Release|x64
		{FFB1A5F8-C7CD-431F-B479-B38C6D762F18}.Release|x86.ActiveCfg = Release|Win32
		{FFB1A5F8-C7CD-431F-B479-B38C6D762F18}.Release|x86.Build.0 = Release|Win32
		{41D26BBA-0510-4F36-B72B-DC0A486CC923}.Debug|x64.ActiveCfg = Debug|x64
		{41D26BBA-0510-4F36-B72B-DC0A486CC923}.Debug|x64.Build.0 = Debug|x64
		{41D26BBA-0510-4F36-B72B-DC0A486CC923}.Debug|x86.ActiveCfg = Debug|Win32
		{41D26BBA-0510-4F36-B72B-DC0A486CC923}.Debug|x86.Build.0 = Debug|Win32
		{41D26BBA-0510-4F36-B72B-DC0A486CC923}.Release|x64.ActiveCfg = Release|x64
		{41D26BBA-0510-4F36-B72B-DC0A486CC923}.Release|x64.Build.0 = Release|x64
		{41D26BBA-0510-4F36-B72B-DC0A486CC923}.Release|x86.ActiveCfg = Release|Win32
		{41D26BBA-0510-4F36-B72B-DC0A486CC923}.Release|x86.Build.0 = Release|Win32
		{4AED2E28-9F00-4179-8038-4BC8EE2E025F}.Debug|x64.ActiveCfg = Debug|x64
		{4AED2E28-9F00-4179-8038-4BC8EE2E025F}.Debug|x64.Build.0 = Debug|x64
		{4AED2E28-9F00-4179-8038-4BC8EE2E025F}.Debug|x86.ActiveCfg = Debug|Win32
		{4AED2E28-9F00-4179-8038-4BC8EE2E025F}.Debug|x86.Build.0 = Debug|Win32
		{4AED2E28-9F00-4179-8038-4BC8EE2E025F}.Release|x64.ActiveCfg = Release|x64
		{4AED2E28-9F00-4179-8038-4BC8EE2E025F}.Release|x64.Build.0 = Release|x64
		{4AED2E28-9F00-4179-8038-4BC8EE2E025F}.Release|x86.ActiveCfg = Release|Win32
		{4AED2E28-9F00-4179-8038-4BC8EE2E025F}.Release|x86.Build.0 = Release|Win32
		{6CEB28D3-D11D-4FF8-822E-09160F5AF817}.Debug|x64.ActiveCfg = Debug|x64
		{6CEB28D3-D11D-4FF8-822E-09160F5AF817}.Debug|x64.Build.0 = Debug|x64
		{6CEB28D3-D11D-4FF8-822E-09160F5AF817}.Debug|x86.ActiveCfg = Debug|Win32
		{6CEB28D3-D11D-4FF8-822E-09160F5AF817}.Debug|x86.Build.0 = Debug|Win32
		{6CEB28D3-D11D-4FF8-822E-09160F5AF817}.Release|x64.ActiveCfg = Release|x64
		{6CEB28D3-D11D-4FF8-822E-09160F5AF817}.Release|x64.Build.0 = Release|x64
		{6CEB28D3-D11D-4FF8-822E-09160F5AF817}.Release|x86.ActiveCfg = Release|Win32
		{6CEB28D3-D11D-4FF8-822E-09160F5AF817}.Release|x86.Build.0 = Release|Win32
		{8A00F7A2-A8F3-4E9A-8B46-CFC81F6F2114}.Debug|x64.ActiveCfg = Debug|x64
		{8A00F7A2-A8F3-4E9A-8B46-CFC81F6F2114}.Debug|x64.Build.0 = Debug|x64
		{8A00F7A2-A8F3-4E9A-8B46-CFC81F6F2114}.Debug|x86.ActiveCfg = Debug|Win32
		{8A00F7A2-A8F3-4E9A-8B46-CFC81F6F2114}.Debug|x86.Build.0 = Debug|Win32
		{8A00F7A2-A8F3-4E9A-8B46-CFC81F6F2114}.Release|x64.ActiveCfg = Release|x64
		{8A00F7A2-A8F3-4E9A-8B46-CFC81F6F2114}.Release|x64.Build.0 = Release|x64
		{8A00F7A2-A8F3-4E9A-8B46-CFC81F6F2114}.Release|x86.ActiveCfg = Release|Win32
		{8A00F7A2-A8F3-4E9A-8B46-CFC81F6F2114}.Release|x86.Build.0 = Release|Win32
		{FD534943-4E80-4C2D-91CD-38A961310031}.Debug|x64.ActiveCfg = Debug|x64
		{FD534943-4E80-4C2D-91CD-38A961310031}.Debug|x64.Build.0 = Debug|x64
		{FD534943-4E80-4C2D-91CD-38A961310031}.Debug|x86.ActiveCfg = Debug|Win32
		{FD534943-4E80-4C2D-91CD-38A961310031}.Debug|x86.Build.0 = Debug|Win32
		{FD534943-4E80-4C2D-91CD-38A961310031}.Release|x64.ActiveCfg = Release|x64
		{FD534943-4E80-4C2D-91CD-38A961310031}.Release|x64.Build.0 = Release|x64
		{FD534943-4E80-4C2D-91CD-38A961310031}.Release|x86.ActiveCfg = Release|Win32
		{FD534943-4E80-4C2D-91CD-38A961310031}.Release|x86.Build.0 = Release|Win32
		{4122A2A7-65D0-44C8-B736-8B73C42BFF92}.Debug|x64.ActiveCfg = Debug|x64
		{4122A2A7-65D0-44C8-B736-8B73C42BFF92}.Debug|x64.Build.0 = Debug|x64
		{4122A2A7-65D0-44C8-B736-8B73C42BFF92}.Debug|x86.ActiveCfg = Debug|Win32
		{4122A2A7-65D0-44C8-B736-8B73C42BFF92}.Debug|x86.Build.0 = Debug|Win32
		{4122A2A7-65D0-44C8-B736-8B73C42BFF92}.Release|x64.ActiveCfg = Release|x64
		{4122A2A7-65D0-44C8-B736-8B73C42BFF92}.Release|x64.Build.0 = Release|x64
		{4122A2A7-65D0-44C8-B736-8B73C42BFF92}.Release|x86.ActiveCfg = Release|Win32
		{4122A2A7-65D0-44C8-B736-8B73C42BFF92}.Release|x86.Build.0 = Release|Win32
		{3770CF33-7CB8-4CC7-B673-BA59365F173F}.Debug|x64.ActiveCfg = Debug|x64
		{3770CF33-7CB8-4CC7-B673-BA59365F173F}.Debug|x64.Build.0 = Debug|x64
		{3770CF33-7CB8-4CC7-B673-BA59365F173F}.Debug|x86.ActiveCfg = Debug|Win32
		{3770CF33-7CB8-4CC7-B673-BA59365F173F}.Debug|x86.Build.0 = Debug|Win32
		{3770CF33-7CB8-4CC7-B673-BA59365F173F}.Release|x64.ActiveCfg = Release|x64
		{3770CF33-7CB8-4CC7-B673-BA59365F173F}.Release|x64.Build.0 = Release|x64
		{3770CF33-7CB8-4CC7-B673-BA59365F173F}.Release|x86.ActiveCfg = Release|Win32
		{3770CF33-7CB8-4CC7-B673-BA59365F173F}.Release|x86.Build.0 = Release|Win32
		{DCD47CBA-3E8D-418B-B138-FE00E9571133}.Debug|x64.ActiveCfg = Debug|x64
		{DCD47CBA-3E8D-418B-B138-FE00E9571133}.Debug|x64.Build.0 = Debug|x64
		{DCD47CBA-3E8D-418B-B138-FE00E9571133}.Debug|x86.ActiveCfg = Debug|Win32
		{DCD47CBA-3E8D-418B-B138-FE00E9571133}.Debug|x86.Build.0 = Debug|Win32
		{DCD47CBA-3E8D-418B-B138-FE00E9571133}.Release|x64.ActiveCfg = Release|x64
		{DCD47CBA-3E8D-418B-B138-FE00E9571133}.Release|x64.Build.0 = Release|x64
		{DCD47CBA-3E8D-418B-B138-FE00E9571133}.Release|x86.ActiveCfg = Release|Win32
		{DCD47CBA-3E8D-418B-B138-FE00E9571133}.Release|x86.Build.0 = Release|Win32
		{E5B9A2DB-0AF3-49D6-8F37-9FB81E410CBC}.Debug|x64.ActiveCfg = Debug|x64
		{E5B9A2DB-0AF3-49D6-8F37-9FB81E410CBC}.Debug|x64.Build.0 = Debug|x64
		{E5B9A2DB-0AF3-49D6-8F37-9FB81E410CBC}.Debug|x86.ActiveCfg = Debug|Win32
		{E5B9A2DB-0AF3-49D6-8F37-9FB81E410CBC}.Debug|x86.Build.0 = Debug|Win32
		{E5B9A2DB-0AF3-49D6-8F37-9FB81E410CBC}.Release|x64.ActiveCfg = Release|x64
		{E5B9A2DB-0AF3-49D6-8F37-9FB81E410CBC}.Release|x64.Build.0 = Release|x64
		{E5B9A2DB-0AF3-49D6-8F37-9FB81E410CBC}.Release|x86.ActiveCfg = Release|Win32
		{E5B9A2DB-0AF3-49D6-8F37-9FB81E410CBC}.Release|x86.Build.0 = Release|Win32
		{66081DD7-1A6D-4D78-9A33-2EFA24BD0A94}.Debug|x64.ActiveCfg = Debug|x64
		{66081DD7-1A6D-4D78-9A33-2EFA24BD0A94}.Debug|x64.Build.0 = Debug|x64
		{66081DD7-1A6D-4D78-9A33-2EFA24BD0A94}.Debug|x86.ActiveCfg = Debug|Win32
		{66081DD7-1A6D-4D78-9A33-2EFA24BD0A94}.Debug|x86.Build.0 = Debug|Win32
		{66081DD7-1A6D-4D78-9A33-2EFA24BD0A94}.Release|x64.ActiveCfg = Release|x64
		{66081DD7-1A6D-4D78-9A33-2EFA24BD0A94}.Release|x64.Build.0 = Release|x64
		{66081DD7-1A6D-4D78-9A33-2EFA24BD0A94}.Release|x86.ActiveCfg = Release|Win32
		{66081DD7-1A6D-4D78-9A33-2EFA24BD0A94}.Release|x86.Build.0 = Release|Win32
		{09C1C29A-5768-4C6C-902F-98CA532217F4}.Debug|x64.ActiveCfg = Debug|x64
		{09C1C29A-5768-4C6C-902F-98CA532217F4}.Debug|x64.Build.0 = Debug|x64
		{09C1C29A-5768-4C6C-902F-98CA532217F4}.Debug|x86.ActiveCfg = Debug|Win32
		{09C1C29A-5768-4C6C-902F-98CA532217F4}.Debug|x86.Build.0 = Debug|Win32
		{09C1C29A-5768-4C6C-902F-98CA532217F4}.Release|x64.ActiveCfg = Release|x64
		{09C1C29A-5768-4C6C-902F-98CA532217F4}.Release|x64.Build.0 = Release|x64
		{09C1C29A-5768-4C6C-902F-98CA532217F4}.Release|x86.ActiveCfg = Release|Win32
		{09C1C29A-5768-4C6C-902F-98CA532217F4}.Release|x86.Build.0 = Release|Win32
		{5E97405D-C1B8-4055-B87F-0858C26186AE}.Debug|x64.ActiveCfg = Debug|x64
		{5E97405D-C1B8-4055-B87F-0858C26186AE}.Debug|x64.Build.0 = Debug|x64
		{5E97405D-C1B8-4055-B87F-0858C26186AE}.Debug|x86.ActiveCfg = Debug|Win32
		{5E97405D-C1B8-4055-B87F-0858C26186AE}.Debug|x86.Build.0 = Debug|Win32
		{5E97405D-C1B8-4055-B87F-0858C26186AE}.Release|x64.ActiveCfg = Release|x64
		{5E97405D-C1B8-4055-B87F-0858C26186AE}.Release|x64.Build.0 = Release|x64
		{5E97405D-C1B8-4055-B87F-0858C26186AE}.Release|x86.ActiveCfg = Release|Win32
		{5E97405D-C1B8-4055-B87F-0858C26186AE}.Release|x86.Build.0 = Release|Win32
		{74CA04CA-3015-497B-8631-5CFB6DAEBD64}.Debug|x64.ActiveCfg = Debug|x64
		{74CA04CA-3015-497B-8631-5CFB6DAEBD64}.Debug|x64.Build.0 = Debug|x64
		{74CA04CA-3015-497B-8631-5CFB6DAEBD64}.Debug|x86.ActiveCfg = Debug|Win32
		{74CA04CA-3015-497B-8631-5CFB6DAEBD64}.Debug|x86.Build.0 = Debug|Win32
		{74CA04CA-3015-497B-8631-5CFB6DAEBD64}.Release|x64.ActiveCfg = Release|x64
		{74CA04CA-3015-497B-8631-5CFB6DAEBD64}.Release|x64.Build.0 = Release|x64
		{74CA04CA-3015-497B-8631-5CFB6DAEBD64}.Release|x86.ActiveCfg = Release|Win32
		{74CA04CA-3015-497B-8631-5CFB6DAEBD64}.Release|x86.Build.0 = Release|Win32
		{D0EF16C5-2670-41EA-8CB5-7BF5458552FF}.Debug|x64.ActiveCfg = Debug|x64
		{D0EF16C5-2670-41EA-8CB5-7BF5458552FF}.Debug|x64.Build.0 = Debug|x64
		{D0EF16C5-2670-41EA-8CB5-7BF5458552FF}.Debug|x86.ActiveCfg = Debug|Win32
		{D0EF16C5-2670-41EA-8CB5-7BF5458552FF}.Debug|x86.Build.0 = Debug|Win32
		{D0EF16C5-2670-41EA-8CB5-7BF5458552FF}.Release|x64.ActiveCfg = Release|x64
		{D0EF16C5-2670-41EA-8CB5-7BF5458552FF}.Release|x64.Build.0 = Release|x64
		{D0EF16C5-2670-41EA-8CB5-7BF5458552FF}.Release|x86.ActiveCfg = Release|Win32
		{D0EF16C5-2670-41EA-8CB5-7BF5458552FF}.Release|x86.Build.0 = Release|Win32
		{124A8128-4905-455E-9803-B9C760FB6B11}.Debug|x64.ActiveCfg = Debug|x64
		{124A8128-4905-455E-9803-B9C760FB6B11}.Debug|x64.Build.0 = Debug|x64
		{124A8128-4905-455E-9803-B9C760FB6B11}.Debug|x86.ActiveCfg = Debug|Win32
		{124A8128-4905-455E-9803-B9C760FB6B11}.Debug|x86.Build.0 = Debug|Win32
		{124A8128-4905-455E-9803-B9C760FB6B11}.Release|x64.ActiveCfg = Release|x64
		{124A8128-4905-455E-9803-B9C760FB6B11}.Release|x64.Build.0 = Release|x64
		{124A8128-4905-455E-9803-B9C760FB6B11}.Release|x86.ActiveCfg = Release|Win32
		{124A8128-4905-455E-9803-B9C760FB6B11}.Release|x86.Build.0 = Release|Win32
		{F2C80929-61C9-49FB-9974-AD15A893F54C}.Debug|x64.ActiveCfg = Debug|x64
		{F2C80929-61C9-49FB-9974-AD15A893F54C}.Debug|x64.Build.0 = Debug|x64
		{F2C80929-61C9-49FB-9974-AD15A893F54C}.Debug|x86.ActiveCfg = Debug|Win32
		{F2C80929-61C9-49FB-9974-AD15A893F54C}.Debug|x86.Build.0 = Debug|Win32
		{F2C80929-61C9-49FB-9974-AD15A893F54C}.Release|x64.ActiveCfg = Release|x64
		{F2C80929-61C9-49FB-9974-AD15A893F54C}.Release|x64.Build.0 = Release|x64
		{F2C80929-61C9-49FB-9974-AD15A893F54C}.Release|x86.ActiveCfg = Release|Win32
		{F2C80929-61C9-49FB-9974-AD15A893F54C}.Release|x86.Build.0 = Release|Win32
		{AB7217CF-6EEB-4EC4-8A26-F510432515F7}.Debug|x64.ActiveCfg = Debug|x64
		{AB7217CF-6EEB-4EC4-8A26-F510432515F7}.Debug|x64.Build.0 = Debug|x64
		{AB7217CF-6EEB-4EC4-8A26-F510432515F7}.Debug|x86.ActiveCfg = Debug|Win32
		{AB7217CF-6EEB-4EC4-8A26-F510432515F7}.Debug|x86.Build.0 = Debug|Win32
		{AB7217CF-6EEB-4EC4-8A26-F510432515F7}.Release|x64.ActiveCfg = Release|x64
		{AB7217CF-6EEB-4EC4-8A26-F510432515F7}.Release|x64.Build.0 = Release|x64
		{AB7217CF-6EEB-4EC4-8A26-F510432515F7}.Release|x86.ActiveCfg = Release|Win32
		{AB7217CF-6EEB-4EC4-8A26-F510432515F7}.Release|x86.Build.0 = Release|Win32
	EndGlobalSection
	GlobalSection(SolutionProperties) = preSolution
		HideSolutionNode = FALSE
	EndGlobalSection
	GlobalSection(ExtensibilityGlobals) = postSolution
		SolutionGuid = {69CD980D-921C-45AB-A667-79C08DCFA96E}
	EndGlobalSection
EndGlobal
